
Microsoft Visual Studio Solution File, Format Version 12.00
# Visual Studio Version 16
VisualStudioVersion = 16.0.28803.352
MinimumVisualStudioVersion = 10.0.40219.1
Project("{FAE04EC0-301F-11D3-BF4B-00C04F79EFBC}") = "WindowsFormsApp1", "WindowsFormsApp1.csproj", "{9C06C648-A3FC-46D4-AC09-B9BF3D0D53EE}"
EndProject
Global
	GlobalSection(SolutionConfigurationPlatforms) = preSolution
		Debug|Any CPU = Debug|Any CPU
		Release|Any CPU = Release|Any CPU
	EndGlobalSection
	GlobalSection(ProjectConfigurationPlatforms) = postSolution
		{9C06C648-A3FC-46D4-AC09-B9BF3D0D53EE}.Debug|Any CPU.ActiveCfg = Debug|Any CPU
		{9C06C648-A3FC-46D4-AC09-B9BF3D0D53EE}.Debug|Any CPU.Build.0 = Debug|Any CPU
		{9C06C648-A3FC-46D4-AC09-B9BF3D0D53EE}.Release|Any CPU.ActiveCfg = Release|Any CPU
		{9C06C648-A3FC-46D4-AC09-B9BF3D0D53EE}.Release|Any CPU.Build.0 = Release|Any CPU
	EndGlobalSection
	GlobalSection(SolutionProperties) = preSolution
		HideSolutionNode = FALSE
	EndGlobalSection
	GlobalSection(ExtensibilityGlobals) = postSolution
		SolutionGuid = {0169FC43-5CD7-4118-87B4-5A1C137F4EB9}
	EndGlobalSection
EndGlobal
